
Microsoft Visual Studio Solution File, Format Version 12.00
# Visual Studio Version 16
VisualStudioVersion = 16.0.30002.166
MinimumVisualStudioVersion = 10.0.40219.1
Project("{9A19103F-16F7-4668-BE54-9A1E7A4F7556}") = "MongoDB.Migrations.Tool", "MongoDB.Migrations.Tool\MongoDB.Migrations.Tool.csproj", "{99A94803-89CC-4639-A085-7FCD48ED7628}"
EndProject
Project("{9A19103F-16F7-4668-BE54-9A1E7A4F7556}") = "MongoDB.Migrations.Schema", "MongoDB.Migrations.Schema\MongoDB.Migrations.Schema.csproj", "{AD17480D-AB8A-4A86-87AE-C335BB39315F}"
EndProject
Project("{9A19103F-16F7-4668-BE54-9A1E7A4F7556}") = "MongoDB.Migrations.Common", "MongoDB.Migrations.Common\MongoDB.Migrations.Common.csproj", "{3ED9F210-4C12-4F81-BD83-CE101CD2F701}"
EndProject
Project("{9A19103F-16F7-4668-BE54-9A1E7A4F7556}") = "DockerHttpClient.Tests", "DockerClient.Tests\DockerHttpClient.Tests.csproj", "{137D4DEA-56DF-484E-8587-F95A902571EE}"
EndProject
Global
	GlobalSection(SolutionConfigurationPlatforms) = preSolution
		Debug|Any CPU = Debug|Any CPU
		Release|Any CPU = Release|Any CPU
	EndGlobalSection
	GlobalSection(ProjectConfigurationPlatforms) = postSolution
		{99A94803-89CC-4639-A085-7FCD48ED7628}.Debug|Any CPU.ActiveCfg = Debug|Any CPU
		{99A94803-89CC-4639-A085-7FCD48ED7628}.Debug|Any CPU.Build.0 = Debug|Any CPU
		{99A94803-89CC-4639-A085-7FCD48ED7628}.Release|Any CPU.ActiveCfg = Release|Any CPU
		{99A94803-89CC-4639-A085-7FCD48ED7628}.Release|Any CPU.Build.0 = Release|Any CPU
		{AD17480D-AB8A-4A86-87AE-C335BB39315F}.Debug|Any CPU.ActiveCfg = Debug|Any CPU
		{AD17480D-AB8A-4A86-87AE-C335BB39315F}.Debug|Any CPU.Build.0 = Debug|Any CPU
		{AD17480D-AB8A-4A86-87AE-C335BB39315F}.Release|Any CPU.ActiveCfg = Release|Any CPU
		{AD17480D-AB8A-4A86-87AE-C335BB39315F}.Release|Any CPU.Build.0 = Release|Any CPU
		{3ED9F210-4C12-4F81-BD83-CE101CD2F701}.Debug|Any CPU.ActiveCfg = Debug|Any CPU
		{3ED9F210-4C12-4F81-BD83-CE101CD2F701}.Debug|Any CPU.Build.0 = Debug|Any CPU
		{3ED9F210-4C12-4F81-BD83-CE101CD2F701}.Release|Any CPU.ActiveCfg = Release|Any CPU
		{3ED9F210-4C12-4F81-BD83-CE101CD2F701}.Release|Any CPU.Build.0 = Release|Any CPU
		{137D4DEA-56DF-484E-8587-F95A902571EE}.Debug|Any CPU.ActiveCfg = Debug|Any CPU
		{137D4DEA-56DF-484E-8587-F95A902571EE}.Debug|Any CPU.Build.0 = Debug|Any CPU
		{137D4DEA-56DF-484E-8587-F95A902571EE}.Release|Any CPU.ActiveCfg = Release|Any CPU
		{137D4DEA-56DF-484E-8587-F95A902571EE}.Release|Any CPU.Build.0 = Release|Any CPU
	EndGlobalSection
	GlobalSection(SolutionProperties) = preSolution
		HideSolutionNode = FALSE
	EndGlobalSection
	GlobalSection(ExtensibilityGlobals) = postSolution
		SolutionGuid = {06C86FD8-7B29-414A-86FF-717A48BB9E23}
	EndGlobalSection
EndGlobal
